
Microsoft Visual Studio Solution File, Format Version 12.00
# Visual Studio Version 17
VisualStudioVersion = 17.13.35825.156
MinimumVisualStudioVersion = 10.0.40219.1
Project("{FAE04EC0-301F-11D3-BF4B-00C04F79EFBC}") = "Medor", "Medor.csproj", "{FB8D7701-18F2-4D19-B3AB-9C48549A8521}"
EndProject
Project("{2150E333-8FDC-42A3-9474-1A3956D46DE8}") = "SQL", "SQL", "{02EA681E-C7D8-13C7-8484-4AC65E1B71E8}"
	ProjectSection(SolutionItems) = preProject
		MedorDB_Script.sql = MedorDB_Script.sql
	EndProjectSection
EndProject
Global
	GlobalSection(SolutionConfigurationPlatforms) = preSolution
		Debug|Any CPU = Debug|Any CPU
		Release|Any CPU = Release|Any CPU
	EndGlobalSection
	GlobalSection(ProjectConfigurationPlatforms) = postSolution
		{FB8D7701-18F2-4D19-B3AB-9C48549A8521}.Debug|Any CPU.ActiveCfg = Debug|Any CPU
		{FB8D7701-18F2-4D19-B3AB-9C48549A8521}.Debug|Any CPU.Build.0 = Debug|Any CPU
		{FB8D7701-18F2-4D19-B3AB-9C48549A8521}.Release|Any CPU.ActiveCfg = Release|Any CPU
		{FB8D7701-18F2-4D19-B3AB-9C48549A8521}.Release|Any CPU.Build.0 = Release|Any CPU
	EndGlobalSection
	GlobalSection(SolutionProperties) = preSolution
		HideSolutionNode = FALSE
	EndGlobalSection
	GlobalSection(ExtensibilityGlobals) = postSolution
		SolutionGuid = {0BDDCAC2-04E3-41CB-AFAA-99A436451602}
	EndGlobalSection
EndGlobal
